<?xml version="1.0" encoding="utf-8"?>
<Project ToolsVersion="4.0" xmlns="http://schemas.microsoft.com/developer/msbuild/2003">
  <ItemGroup>
    <Filter Include="Source Files">
      <UniqueIdentifier>{C0A5BDCC-A409-4927-88FB-AAE6A61A1641}</UniqueIdentifier>
      <Extensions>cpp;c;cc;cxx;def;odl;idl;hpj;bat;asm;asmx</Extensions>
    </Filter>
    <Filter Include="Header Files">
      <UniqueIdentifier>{848DB484-87DE-4558-AED5-4EADEECB81F0}</UniqueIdentifier>
      <Extensions>h;hpp;hxx;hm;inl;inc;xsd</Extensions>
    </Filter>
     <Filter Include="Resources">
      <UniqueIdentifier>{B3096397-E648-400D-AEE7-BF5FCA597C7C}</UniqueIdentifier>
    </Filter>   
  </ItemGroup>
  <ItemGroup>
    <ClCompile Include="plugin.cpp">
      <Filter>Source Files</Filter>
    </ClCompile>
    <ClCompile Include="RackAFXDLL.cpp">
      <Filter>Source Files</Filter>
    </ClCompile>
    <ClCompile Include="FeedBackFilter.cpp">
      <Filter>Source Files</Filter>
    </ClCompile>
  </ItemGroup>
  <ItemGroup>
    <ClInclude Include="plugin.h">
      <Filter>Header Files</Filter>
    </ClInclude>
    <ClInclude Include="pluginconstants.h">
      <Filter>Header Files</Filter>
    </ClInclude>
    <ClInclude Include="RackAFXDLL.h">
      <Filter>Header Files</Filter>
    </ClInclude>
    <ClInclude Include="FeedBackFilter.h">
      <Filter>Header Files</Filter>
    </ClInclude>
    <ClInclude Include="resource.h">
      <Filter>Resources</Filter>
    </ClInclude>
  </ItemGroup>
   <ItemGroup>
      <Image Include="resources\knobvst.png">
        <Filter>Resources</Filter>
      </Image>
    </ItemGroup>
    <ItemGroup>
      <ResourceCompile Include="FeedBackFilter.rc">
        <Filter>Resources</Filter>
      </ResourceCompile>
    </ItemGroup>
    <ItemGroup>
      <None Include="RackAFX.uidesc">
        <Filter>Resources</Filter>
      </None>
  </ItemGroup>
</Project>

